%{
  "axon": {:hex, :axon, "0.5.1", "1ae3a2193df45e51fca912158320b2ca87cb7fba4df242bd3ebe245504d0ea1a", [:mix], [{:kino, "~> 0.7", [hex: :kino, repo: "hexpm", optional: true]}, {:kino_vega_lite, "~> 0.1.7", [hex: :kino_vega_lite, repo: "hexpm", optional: true]}, {:nx, "~> 0.5.0", [hex: :nx, repo: "hexpm", optional: false]}, {:table_rex, "~> 3.1.1", [hex: :table_rex, repo: "hexpm", optional: true]}], "hexpm", "d36f2a11c34c6c2b458f54df5c71ffdb7ed91c6a9ccd908faba909c84cc6a38e"},
  "binance": {:hex, :binance, "2.0.1", "ac8ee47f544ede861adf31a6c29683fc2acfbc76ff41e7d0444488d195bbfad3", [:mix], [{:exconstructor, "~> 1.2.10", [hex: :exconstructor, repo: "hexpm", optional: false]}, {:httpoison, "~> 2.0", [hex: :httpoison, repo: "hexpm", optional: false]}, {:poison, "~> 5.0", [hex: :poison, repo: "hexpm", optional: false]}], "hexpm", "e881524a6907f6af46bf7411ae4beb5b230905ac0d9d10a7a0ea8ca041807b43"},
  "castore": {:hex, :castore, "0.1.22", "4127549e411bedd012ca3a308dede574f43819fe9394254ca55ab4895abfa1a2", [:mix], [], "hexpm", "c17576df47eb5aa1ee40cc4134316a99f5cad3e215d5c77b8dd3cfef12a22cac"},
  "certifi": {:hex, :certifi, "2.12.0", "2d1cca2ec95f59643862af91f001478c9863c2ac9cb6e2f89780bfd8de987329", [:rebar3], [], "hexpm", "ee68d85df22e554040cdb4be100f33873ac6051387baf6a8f6ce82272340ff1c"},
  "complex": {:hex, :complex, "0.5.0", "af2d2331ff6170b61bb738695e481b27a66780e18763e066ee2cd863d0b1dd92", [:mix], [], "hexpm", "2683bd3c184466cfb94fad74cbfddfaa94b860e27ad4ca1bffe3bff169d91ef1"},
  "elixir_make": {:hex, :elixir_make, "0.7.8", "505026f266552ee5aabca0b9f9c229cbb496c689537c9f922f3eb5431157efc7", [:mix], [{:castore, "~> 0.1 or ~> 1.0", [hex: :castore, repo: "hexpm", optional: true]}, {:certifi, "~> 2.0", [hex: :certifi, repo: "hexpm", optional: true]}], "hexpm", "7a71945b913d37ea89b06966e1342c85cfe549b15e6d6d081e8081c493062c07"},
  "exconstructor": {:hex, :exconstructor, "1.2.10", "72a540c89b4c5af75f88c076727c0318a8f4038df6412dcf546e8771dcac118d", [:mix], [], "hexpm", "6e504f88cc56c3a7313f0d7687c5d3454b014255867232957512a61e5f90bea7"},
  "exla": {:hex, :exla, "0.5.3", "f9496980a447ec2564b1646f89ee64379faef608c4a3ab6059f6a55117235e63", [:make, :mix], [{:elixir_make, "~> 0.6", [hex: :elixir_make, repo: "hexpm", optional: false]}, {:nx, "~> 0.5.1", [hex: :nx, repo: "hexpm", optional: false]}, {:telemetry, "~> 0.4.0 or ~> 1.0", [hex: :telemetry, repo: "hexpm", optional: false]}, {:xla, "~> 0.4.4", [hex: :xla, repo: "hexpm", optional: false]}], "hexpm", "41c0523217e9ed4007c005be08ec5692b76f509f0103a2c4f6b2ed016213a48e"},
  "explorer": {:hex, :explorer, "0.5.7", "dd8d3dee6004ef18ca4cfaf9683f069b0dbc5fb84b758a3458b7dd8330ea88e5", [:mix], [{:nx, "~> 0.4.0 or ~> 0.5.0", [hex: :nx, repo: "hexpm", optional: true]}, {:rustler, "~> 0.28.0", [hex: :rustler, repo: "hexpm", optional: true]}, {:rustler_precompiled, "~> 0.5", [hex: :rustler_precompiled, repo: "hexpm", optional: false]}, {:table, "~> 0.1.2", [hex: :table, repo: "hexpm", optional: false]}, {:table_rex, "~> 3.1.1", [hex: :table_rex, repo: "hexpm", optional: false]}], "hexpm", "b7e23182c72fc5d2c523ff55f54276719667c3257a00e25daea2f0e01bdea522"},
  "fss": {:hex, :fss, "0.1.1", "9db2344dbbb5d555ce442ac7c2f82dd975b605b50d169314a20f08ed21e08642", [:mix], [], "hexpm", "78ad5955c7919c3764065b21144913df7515d52e228c09427a004afe9c1a16b0"},
  "hackney": {:hex, :hackney, "1.20.1", "8d97aec62ddddd757d128bfd1df6c5861093419f8f7a4223823537bad5d064e2", [:rebar3], [{:certifi, "~> 2.12.0", [hex: :certifi, repo: "hexpm", optional: false]}, {:idna, "~> 6.1.0", [hex: :idna, repo: "hexpm", optional: false]}, {:metrics, "~> 1.0.0", [hex: :metrics, repo: "hexpm", optional: false]}, {:mimerl, "~> 1.1", [hex: :mimerl, repo: "hexpm", optional: false]}, {:parse_trans, "3.4.1", [hex: :parse_trans, repo: "hexpm", optional: false]}, {:ssl_verify_fun, "~> 1.1.0", [hex: :ssl_verify_fun, repo: "hexpm", optional: false]}, {:unicode_util_compat, "~> 0.7.0", [hex: :unicode_util_compat, repo: "hexpm", optional: false]}], "hexpm", "fe9094e5f1a2a2c0a7d10918fee36bfec0ec2a979994cff8cfe8058cd9af38e3"},
  "httpoison": {:hex, :httpoison, "2.2.1", "87b7ed6d95db0389f7df02779644171d7319d319178f6680438167d7b69b1f3d", [:mix], [{:hackney, "~> 1.17", [hex: :hackney, repo: "hexpm", optional: false]}], "hexpm", "51364e6d2f429d80e14fe4b5f8e39719cacd03eb3f9a9286e61e216feac2d2df"},
  "idna": {:hex, :idna, "6.1.1", "8a63070e9f7d0c62eb9d9fcb360a7de382448200fbbd1b106cc96d3d8099df8d", [:rebar3], [{:unicode_util_compat, "~> 0.7.0", [hex: :unicode_util_compat, repo: "hexpm", optional: false]}], "hexpm", "92376eb7894412ed19ac475e4a86f7b413c1b9fbb5bd16dccd57934157944cea"},
  "jason": {:hex, :jason, "1.4.1", "af1504e35f629ddcdd6addb3513c3853991f694921b1b9368b0bd32beb9f1b63", [:mix], [{:decimal, "~> 1.0 or ~> 2.0", [hex: :decimal, repo: "hexpm", optional: true]}], "hexpm", "fbb01ecdfd565b56261302f7e1fcc27c4fb8f32d56eab74db621fc154604a7a1"},
  "kino": {:hex, :kino, "0.12.3", "a5f48a243c60a7ac18ba23869f697b1c775fc7794e8cd55dd248ba33c6fe9445", [:mix], [{:fss, "~> 0.1.0", [hex: :fss, repo: "hexpm", optional: false]}, {:nx, "~> 0.1", [hex: :nx, repo: "hexpm", optional: true]}, {:table, "~> 0.1.2", [hex: :table, repo: "hexpm", optional: false]}], "hexpm", "a6dfa3d54ba0edec9ca6e5940154916b381901001f171c85a2d8c67869dbc2d8"},
  "kino_vega_lite": {:hex, :kino_vega_lite, "0.1.11", "d3c2a00b3685b95f91833920d06cc9b1fd7fb293a2663d89affe9aaec16a5b77", [:mix], [{:kino, "~> 0.7", [hex: :kino, repo: "hexpm", optional: false]}, {:table, "~> 0.1.0", [hex: :table, repo: "hexpm", optional: false]}, {:vega_lite, "~> 0.1.8", [hex: :vega_lite, repo: "hexpm", optional: false]}], "hexpm", "5ccd9148ce7cfcc95a137e12596cd8b95b371e9ea107e745bc262c39c5d8d48e"},
  "metrics": {:hex, :metrics, "1.0.1", "25f094dea2cda98213cecc3aeff09e940299d950904393b2a29d191c346a8486", [:rebar3], [], "hexpm", "69b09adddc4f74a40716ae54d140f93beb0fb8978d8636eaded0c31b6f099f16"},
  "mimerl": {:hex, :mimerl, "1.2.0", "67e2d3f571088d5cfd3e550c383094b47159f3eee8ffa08e64106cdf5e981be3", [:rebar3], [], "hexpm", "f278585650aa581986264638ebf698f8bb19df297f66ad91b18910dfc6e19323"},
  "nimble_csv": {:hex, :nimble_csv, "1.2.0", "4e26385d260c61eba9d4412c71cea34421f296d5353f914afe3f2e71cce97722", [:mix], [], "hexpm", "d0628117fcc2148178b034044c55359b26966c6eaa8e2ce15777be3bbc91b12a"},
  "nimble_options": {:hex, :nimble_options, "1.1.0", "3b31a57ede9cb1502071fade751ab0c7b8dbe75a9a4c2b5bbb0943a690b63172", [:mix], [], "hexpm", "8bbbb3941af3ca9acc7835f5655ea062111c9c27bcac53e004460dfd19008a99"},
  "nx": {:hex, :nx, "0.5.3", "6ad5534f9b82429dafa12329952708c2fdd6ab01b306e86333fdea72383147ee", [:mix], [{:complex, "~> 0.5", [hex: :complex, repo: "hexpm", optional: false]}, {:telemetry, "~> 0.4.0 or ~> 1.0", [hex: :telemetry, repo: "hexpm", optional: false]}], "hexpm", "d1072fc4423809ed09beb729e73c200ce177ddecac425d9eb6fba643669623ec"},
  "parse_trans": {:hex, :parse_trans, "3.4.1", "6e6aa8167cb44cc8f39441d05193be6e6f4e7c2946cb2759f015f8c56b76e5ff", [:rebar3], [], "hexpm", "620a406ce75dada827b82e453c19cf06776be266f5a67cff34e1ef2cbb60e49a"},
  "poison": {:hex, :poison, "5.0.0", "d2b54589ab4157bbb82ec2050757779bfed724463a544b6e20d79855a9e43b24", [:mix], [{:decimal, "~> 2.0", [hex: :decimal, repo: "hexpm", optional: true]}], "hexpm", "11dc6117c501b80c62a7594f941d043982a1bd05a1184280c0d9166eb4d8d3fc"},
  "rustler_precompiled": {:hex, :rustler_precompiled, "0.7.1", "ecadf02cc59a0eccbaed6c1937303a5827fbcf60010c541595e6d3747d3d0f9f", [:mix], [{:castore, "~> 0.1 or ~> 1.0", [hex: :castore, repo: "hexpm", optional: false]}, {:rustler, "~> 0.23", [hex: :rustler, repo: "hexpm", optional: true]}], "hexpm", "b9e4657b99a1483ea31502e1d58c464bedebe9028808eda45c3a429af4550c66"},
  "scholar": {:hex, :scholar, "0.1.0", "ec6ef480663765193c3ef1b70d4178dbbab21b10aee01a916df3c6f074465375", [:mix], [{:nimble_options, "~> 0.5.2 or ~> 1.0", [hex: :nimble_options, repo: "hexpm", optional: false]}, {:nx, "~> 0.5.1", [hex: :nx, repo: "hexpm", optional: false]}], "hexpm", "1d4f7d85af3868619252efe8190b837eaa2569f9ca4d109b83e428512cb653cf"},
  "scidata": {:hex, :scidata, "0.1.11", "fe3358bac7d740374b4f2a7eff6a1cb02e5ee7f87f7cdb1e8648ad93c533165f", [:mix], [{:castore, "~> 0.1", [hex: :castore, repo: "hexpm", optional: false]}, {:jason, "~> 1.0", [hex: :jason, repo: "hexpm", optional: false]}, {:nimble_csv, "~> 1.1", [hex: :nimble_csv, repo: "hexpm", optional: false]}, {:stb_image, "~> 0.4", [hex: :stb_image, repo: "hexpm", optional: true]}], "hexpm", "90873337a9d5fe880d640517efa93d3c07e46c8ba436de44117f581800549f93"},
  "ssl_verify_fun": {:hex, :ssl_verify_fun, "1.1.7", "354c321cf377240c7b8716899e182ce4890c5938111a1296add3ec74cf1715df", [:make, :mix, :rebar3], [], "hexpm", "fe4c190e8f37401d30167c8c405eda19469f34577987c76dde613e838bbc67f8"},
  "table": {:hex, :table, "0.1.2", "87ad1125f5b70c5dea0307aa633194083eb5182ec537efc94e96af08937e14a8", [:mix], [], "hexpm", "7e99bc7efef806315c7e65640724bf165c3061cdc5d854060f74468367065029"},
  "table_rex": {:hex, :table_rex, "3.1.1", "0c67164d1714b5e806d5067c1e96ff098ba7ae79413cc075973e17c38a587caa", [:mix], [], "hexpm", "678a23aba4d670419c23c17790f9dcd635a4a89022040df7d5d772cb21012490"},
  "telemetry": {:hex, :telemetry, "1.2.1", "68fdfe8d8f05a8428483a97d7aab2f268aaff24b49e0f599faa091f1d4e7f61c", [:rebar3], [], "hexpm", "dad9ce9d8effc621708f99eac538ef1cbe05d6a874dd741de2e689c47feafed5"},
  "tzdata": {:hex, :tzdata, "1.1.1", "20c8043476dfda8504952d00adac41c6eda23912278add38edc140ae0c5bcc46", [:mix], [{:hackney, "~> 1.17", [hex: :hackney, repo: "hexpm", optional: false]}], "hexpm", "a69cec8352eafcd2e198dea28a34113b60fdc6cb57eb5ad65c10292a6ba89787"},
  "unicode_util_compat": {:hex, :unicode_util_compat, "0.7.0", "bc84380c9ab48177092f43ac89e4dfa2c6d62b40b8bd132b1059ecc7232f9a78", [:rebar3], [], "hexpm", "25eee6d67df61960cf6a794239566599b09e17e668d3700247bc498638152521"},
  "vega_lite": {:hex, :vega_lite, "0.1.8", "7f6119126ecaf4bc2c1854084370d7091424f5cce4795fbac044eee9963f0752", [:mix], [{:table, "~> 0.1.0", [hex: :table, repo: "hexpm", optional: false]}], "hexpm", "6c8a9271f850612dd8a90de8d1ebd433590ed07ffef76fc2397c240dc04d3fdc"},
  "xla": {:hex, :xla, "0.4.4", "c3a8ed1f579bda949df505e49ff65415c8281d991fbd6ae1d8f3c5d0fd155f54", [:make, :mix], [{:elixir_make, "~> 0.4", [hex: :elixir_make, repo: "hexpm", optional: false]}], "hexpm", "484f3f9011db3c9f1ff1e98eecefd382f3882a07ada540fd58803db1d2dab671"},
}
